Microsoft Visual Studio Solution File, Format Version 12.00
# Visual Studio 2012
Project("{FAE04EC0-301F-11D3-BF4B-00C04F79EFBC}") = "Juggor", "Juggor.csproj", "{3640C0E0-D040-4194-9966-F5B28690E2D5}"
EndProject
Project("{FAE04EC0-301F-11D3-BF4B-00C04F79EFBC}") = "Juggor.Core", "..\Juggor.Core\Juggor.Core.csproj", "{F7B869F7-E999-46F9-AB91-3BB6561D6389}"
EndProject
Project("{FAE04EC0-301F-11D3-BF4B-00C04F79EFBC}") = "UnitTests", "..\Test\UnitTests\UnitTests.csproj", "{C8D7FBE9-3E7B-48E4-BFCE-C7199F797FD2}"
EndProject
Global
	GlobalSection(SolutionConfigurationPlatforms) = preSolution
		Debug|Any CPU = Debug|Any CPU
		ExportDebug|Any CPU = ExportDebug|Any CPU
		ExportRelease|Any CPU = ExportRelease|Any CPU
	EndGlobalSection
	GlobalSection(ProjectConfigurationPlatforms) = postSolution
		{3640C0E0-D040-4194-9966-F5B28690E2D5}.Debug|Any CPU.ActiveCfg = Debug|Any CPU
		{3640C0E0-D040-4194-9966-F5B28690E2D5}.Debug|Any CPU.Build.0 = Debug|Any CPU
		{3640C0E0-D040-4194-9966-F5B28690E2D5}.ExportDebug|Any CPU.ActiveCfg = ExportDebug|Any CPU
		{3640C0E0-D040-4194-9966-F5B28690E2D5}.ExportDebug|Any CPU.Build.0 = ExportDebug|Any CPU
		{3640C0E0-D040-4194-9966-F5B28690E2D5}.ExportRelease|Any CPU.ActiveCfg = ExportRelease|Any CPU
		{3640C0E0-D040-4194-9966-F5B28690E2D5}.ExportRelease|Any CPU.Build.0 = ExportRelease|Any CPU
		{F7B869F7-E999-46F9-AB91-3BB6561D6389}.Debug|Any CPU.ActiveCfg = Debug|Any CPU
		{F7B869F7-E999-46F9-AB91-3BB6561D6389}.Debug|Any CPU.Build.0 = Debug|Any CPU
		{F7B869F7-E999-46F9-AB91-3BB6561D6389}.ExportDebug|Any CPU.ActiveCfg = Debug|Any CPU
		{F7B869F7-E999-46F9-AB91-3BB6561D6389}.ExportDebug|Any CPU.Build.0 = Debug|Any CPU
		{F7B869F7-E999-46F9-AB91-3BB6561D6389}.ExportRelease|Any CPU.ActiveCfg = Debug|Any CPU
		{F7B869F7-E999-46F9-AB91-3BB6561D6389}.ExportRelease|Any CPU.Build.0 = Debug|Any CPU
		{C8D7FBE9-3E7B-48E4-BFCE-C7199F797FD2}.Debug|Any CPU.ActiveCfg = Debug|Any CPU
		{C8D7FBE9-3E7B-48E4-BFCE-C7199F797FD2}.Debug|Any CPU.Build.0 = Debug|Any CPU
		{C8D7FBE9-3E7B-48E4-BFCE-C7199F797FD2}.ExportDebug|Any CPU.ActiveCfg = Debug|Any CPU
		{C8D7FBE9-3E7B-48E4-BFCE-C7199F797FD2}.ExportDebug|Any CPU.Build.0 = Debug|Any CPU
		{C8D7FBE9-3E7B-48E4-BFCE-C7199F797FD2}.ExportRelease|Any CPU.ActiveCfg = Debug|Any CPU
		{C8D7FBE9-3E7B-48E4-BFCE-C7199F797FD2}.ExportRelease|Any CPU.Build.0 = Debug|Any CPU
	EndGlobalSection
EndGlobal
